
Microsoft Visual Studio Solution File, Format Version 12.00
# Visual Studio 15
VisualStudioVersion = 15.0.28307.421
MinimumVisualStudioVersion = 10.0.40219.1
Project("{FAE04EC0-301F-11D3-BF4B-00C04F79EFBC}") = "Management.Api", "Management.Api\Management.Api.csproj", "{660F8167-0FB4-48A3-83CF-BDDCD6C47C0E}"
EndProject
Project("{FAE04EC0-301F-11D3-BF4B-00C04F79EFBC}") = "Management.Service", "Management.Service\Management.Service.csproj", "{4ED1D6BB-F2F4-44B8-BD88-A4324AF9E4D8}"
EndProject
Global
	GlobalSection(SolutionConfigurationPlatforms) = preSolution
		Debug|Any CPU = Debug|Any CPU
		Release|Any CPU = Release|Any CPU
	EndGlobalSection
	GlobalSection(ProjectConfigurationPlatforms) = postSolution
		{660F8167-0FB4-48A3-83CF-BDDCD6C47C0E}.Debug|Any CPU.ActiveCfg = Debug|Any CPU
		{660F8167-0FB4-48A3-83CF-BDDCD6C47C0E}.Debug|Any CPU.Build.0 = Debug|Any CPU
		{660F8167-0FB4-48A3-83CF-BDDCD6C47C0E}.Release|Any CPU.ActiveCfg = Release|Any CPU
		{660F8167-0FB4-48A3-83CF-BDDCD6C47C0E}.Release|Any CPU.Build.0 = Release|Any CPU
		{4ED1D6BB-F2F4-44B8-BD88-A4324AF9E4D8}.Debug|Any CPU.ActiveCfg = Debug|Any CPU
		{4ED1D6BB-F2F4-44B8-BD88-A4324AF9E4D8}.Debug|Any CPU.Build.0 = Debug|Any CPU
		{4ED1D6BB-F2F4-44B8-BD88-A4324AF9E4D8}.Release|Any CPU.ActiveCfg = Release|Any CPU
		{4ED1D6BB-F2F4-44B8-BD88-A4324AF9E4D8}.Release|Any CPU.Build.0 = Release|Any CPU
	EndGlobalSection
	GlobalSection(SolutionProperties) = preSolution
		HideSolutionNode = FALSE
	EndGlobalSection
	GlobalSection(ExtensibilityGlobals) = postSolution
		SolutionGuid = {50E7AA7C-70C5-46A9-A3DA-3E33689124E7}
	EndGlobalSection
EndGlobal
